// !$*UTF8*$!
{
	archiveVersion = 1;
	classes = {
	};
	objectVersion = 50;
	objects = {

/* Begin PBXBuildFile section */
		74362055F278322FC07D3C13 /* Pods_DHWebViewJavascriptBridgeDemo.framework in Frameworks */ = {isa = PBXBuildFile; fileRef = AC98D486CD03498B8758B151 /* Pods_DHWebViewJavascriptBridgeDemo.framework */; };
		DF80E00220B3C3E400B0D883 /* AppDelegate.swift in Sources */ = {isa = PBXBuildFile; fileRef = DF80E00120B3C3E400B0D883 /* AppDelegate.swift */; };
		DF80E00420B3C3E400B0D883 /* ViewController.swift in Sources */ = {isa = PBXBuildFile; fileRef = DF80E00320B3C3E400B0D883 /* ViewController.swift */; };
		DF80E00720B3C3E400B0D883 /* Main.storyboard in Resources */ = {isa = PBXBuildFile; fileRef = DF80E00520B3C3E400B0D883 /* Main.storyboard */; };
		DF80E00920B3C3E500B0D883 /* Assets.xcassets in Resources */ = {isa = PBXBuildFile; fileRef = DF80E00820B3C3E500B0D883 /* Assets.xcassets */; };
		DF80E00C20B3C3E500B0D883 /* LaunchScreen.storyboard in Resources */ = {isa = PBXBuildFile; fileRef = DF80E00A20B3C3E500B0D883 /* LaunchScreen.storyboard */; };
		DF80E01720B3C3E500B0D883 /* DHWebViewJavascriptBridgeDemoTests.swift in Sources */ = {isa = PBXBuildFile; fileRef = DF80E01620B3C3E500B0D883 /* DHWebViewJavascriptBridgeDemoTests.swift */; };
		DF80E02220B3C3E500B0D883 /* DHWebViewJavascriptBridgeDemoUITests.swift in Sources */ = {isa = PBXBuildFile; fileRef = DF80E02120B3C3E500B0D883 /* DHWebViewJavascriptBridgeDemoUITests.swift */; };
		DF80E03020B3DA9100B0D883 /* ExampleApp.html in Resources */ = {isa = PBXBuildFile; fileRef = DF80E02F20B3DA9100B0D883 /* ExampleApp.html */; };
		DF80E03220B3E1C200B0D883 /* WKWebViewController.swift in Sources */ = {isa = PBXBuildFile; fileRef = DF80E03120B3E1C200B0D883 /* WKWebViewController.swift */; };
		DF80E03420B3F3FD00B0D883 /* index.html in Resources */ = {isa = PBXBuildFile; fileRef = DF80E03320B3F3FD00B0D883 /* index.html */; };
		DF80E03620B3FCD300B0D883 /* test.html in Resources */ = {isa = PBXBuildFile; fileRef = DF80E03520B3FCD300B0D883 /* test.html */; };
		DF80E03820B3FFA700B0D883 /* test1.html in Resources */ = {isa = PBXBuildFile; fileRef = DF80E03720B3FFA700B0D883 /* test1.html */; };
/* End PBXBuildFile section */

/* Begin PBXContainerItemProxy section */
		DF80E01320B3C3E500B0D883 /* PBXContainerItemProxy */ = {
			isa = PBXContainerItemProxy;
			containerPortal = DF80DFF620B3C3E400B0D883 /* Project object */;
			proxyType = 1;
			remoteGlobalIDString = DF80DFFD20B3C3E400B0D883;
			remoteInfo = DHWebViewJavascriptBridgeDemo;
		};
		DF80E01E20B3C3E500B0D883 /* PBXContainerItemProxy */ = {
			isa = PBXContainerItemProxy;
			containerPortal = DF80DFF620B3C3E400B0D883 /* Project object */;
			proxyType = 1;
			remoteGlobalIDString = DF80DFFD20B3C3E400B0D883;
			remoteInfo = DHWebViewJavascriptBridgeDemo;
		};
/* End PBXContainerItemProxy section */

/* Begin PBXFileReference section */
		39B99898285314DB9AFDEBB5 /* Pods-DHWebViewJavascriptBridgeDemo.debug.xcconfig */ = {isa = PBXFileReference; includeInIndex = 1; lastKnownFileType = text.xcconfig; name = "Pods-DHWebViewJavascriptBridgeDemo.debug.xcconfig"; path = "Pods/Target Support Files/Pods-DHWebViewJavascriptBridgeDemo/Pods-DHWebViewJavascriptBridgeDemo.debug.xcconfig"; sourceTree = "<group>"; };
		AC98D486CD03498B8758B151 /* Pods_DHWebViewJavascriptBridgeDemo.framework */ = {isa = PBXFileReference; explicitFileType = wrapper.framework; includeInIndex = 0; path = Pods_DHWebViewJavascriptBridgeDemo.framework; sourceTree = BUILT_PRODUCTS_DIR; };
		DA0C250F3C45A5EA48E33DDC /* Pods-DHWebViewJavascriptBridgeDemo.release.xcconfig */ = {isa = PBXFileReference; includeInIndex = 1; lastKnownFileType = text.xcconfig; name = "Pods-DHWebViewJavascriptBridgeDemo.release.xcconfig"; path = "Pods/Target Support Files/Pods-DHWebViewJavascriptBridgeDemo/Pods-DHWebViewJavascriptBridgeDemo.release.xcconfig"; sourceTree = "<group>"; };
		DF80DFFE20B3C3E400B0D883 /* DHWebViewJavascriptBridgeDemo.app */ = {isa = PBXFileReference; explicitFileType = wrapper.application; includeInIndex = 0; path = DHWebViewJavascriptBridgeDemo.app; sourceTree = BUILT_PRODUCTS_DIR; };
		DF80E00120B3C3E400B0D883 /* AppDelegate.swift */ = {isa = PBXFileReference; lastKnownFileType = sourcecode.swift; path = AppDelegate.swift; sourceTree = "<group>"; };
		DF80E00320B3C3E400B0D883 /* ViewController.swift */ = {isa = PBXFileReference; lastKnownFileType = sourcecode.swift; path = ViewController.swift; sourceTree = "<group>"; };
		DF80E00620B3C3E400B0D883 /* Base */ = {isa = PBXFileReference; lastKnownFileType = file.storyboard; name = Base; path = Base.lproj/Main.storyboard; sourceTree = "<group>"; };
		DF80E00820B3C3E500B0D883 /* Assets.xcassets */ = {isa = PBXFileReference; lastKnownFileType = folder.assetcatalog; path = Assets.xcassets; sourceTree = "<group>"; };
		DF80E00B20B3C3E500B0D883 /* Base */ = {isa = PBXFileReference; lastKnownFileType = file.storyboard; name = Base; path = Base.lproj/LaunchScreen.storyboard; sourceTree = "<group>"; };
		DF80E00D20B3C3E500B0D883 /* Info.plist */ = {isa = PBXFileReference; lastKnownFileType = text.plist.xml; path = Info.plist; sourceTree = "<group>"; };
		DF80E01220B3C3E500B0D883 /* DHWebViewJavascriptBridgeDemoTests.xctest */ = {isa = PBXFileReference; explicitFileType = wrapper.cfbundle; includeInIndex = 0; path = DHWebViewJavascriptBridgeDemoTests.xctest; sourceTree = BUILT_PRODUCTS_DIR; };
		DF80E01620B3C3E500B0D883 /* DHWebViewJavascriptBridgeDemoTests.swift */ = {isa = PBXFileReference; lastKnownFileType = sourcecode.swift; path = DHWebViewJavascriptBridgeDemoTests.swift; sourceTree = "<group>"; };
		DF80E01820B3C3E500B0D883 /* Info.plist */ = {isa = PBXFileReference; lastKnownFileType = text.plist.xml; path = Info.plist; sourceTree = "<group>"; };
		DF80E01D20B3C3E500B0D883 /* DHWebViewJavascriptBridgeDemoUITests.xctest */ = {isa = PBXFileReference; explicitFileType = wrapper.cfbundle; includeInIndex = 0; path = DHWebViewJavascriptBridgeDemoUITests.xctest; sourceTree = BUILT_PRODUCTS_DIR; };
		DF80E02120B3C3E500B0D883 /* DHWebViewJavascriptBridgeDemoUITests.swift */ = {isa = PBXFileReference; lastKnownFileType = sourcecode.swift; path = DHWebViewJavascriptBridgeDemoUITests.swift; sourceTree = "<group>"; };
		DF80E02320B3C3E500B0D883 /* Info.plist */ = {isa = PBXFileReference; lastKnownFileType = text.plist.xml; path = Info.plist; sourceTree = "<group>"; };
		DF80E02F20B3DA9100B0D883 /* ExampleApp.html */ = {isa = PBXFileReference; fileEncoding = 4; lastKnownFileType = text.html; path = ExampleApp.html; sourceTree = "<group>"; };
		DF80E03120B3E1C200B0D883 /* WKWebViewController.swift */ = {isa = PBXFileReference; lastKnownFileType = sourcecode.swift; path = WKWebViewController.swift; sourceTree = "<group>"; };
		DF80E03320B3F3FD00B0D883 /* index.html */ = {isa = PBXFileReference; fileEncoding = 4; lastKnownFileType = text.html; path = index.html; sourceTree = "<group>"; };
		DF80E03520B3FCD300B0D883 /* test.html */ = {isa = PBXFileReference; fileEncoding = 4; lastKnownFileType = text.html; path = test.html; sourceTree = "<group>"; };
		DF80E03720B3FFA700B0D883 /* test1.html */ = {isa = PBXFileReference; fileEncoding = 4; lastKnownFileType = text.html; path = test1.html; sourceTree = "<group>"; };
/* End PBXFileReference section */

/* Begin PBXFrameworksBuildPhase section */
		DF80DFFB20B3C3E400B0D883 /* Frameworks */ = {
			isa = PBXFrameworksBuildPhase;
			buildActionMask = 2147483647;
			files = (
				74362055F278322FC07D3C13 /* Pods_DHWebViewJavascriptBridgeDemo.framework in Frameworks */,
			);
			runOnlyForDeploymentPostprocessing = 0;
		};
		DF80E00F20B3C3E500B0D883 /* Frameworks */ = {
			isa = PBXFrameworksBuildPhase;
			buildActionMask = 2147483647;
			files = (
			);
			runOnlyForDeploymentPostprocessing = 0;
		};
		DF80E01A20B3C3E500B0D883 /* Frameworks */ = {
			isa = PBXFrameworksBuildPhase;
			buildActionMask = 2147483647;
			files = (
			);
			runOnlyForDeploymentPostprocessing = 0;
		};
/* End PBXFrameworksBuildPhase section */

/* Begin PBXGroup section */
		02D7B36485EC1455A4692AB0 /* Frameworks */ = {
			isa = PBXGroup;
			children = (
				AC98D486CD03498B8758B151 /* Pods_DHWebViewJavascriptBridgeDemo.framework */,
			);
			name = Frameworks;
			sourceTree = "<group>";
		};
		832EEC245717FF4208AA3EDA /* Pods */ = {
			isa = PBXGroup;
			children = (
				39B99898285314DB9AFDEBB5 /* Pods-DHWebViewJavascriptBridgeDemo.debug.xcconfig */,
				DA0C250F3C45A5EA48E33DDC /* Pods-DHWebViewJavascriptBridgeDemo.release.xcconfig */,
			);
			name = Pods;
			sourceTree = "<group>";
		};
		DF80DFF520B3C3E400B0D883 = {
			isa = PBXGroup;
			children = (
				DF80E00020B3C3E400B0D883 /* DHWebViewJavascriptBridgeDemo */,
				DF80E01520B3C3E500B0D883 /* DHWebViewJavascriptBridgeDemoTests */,
				DF80E02020B3C3E500B0D883 /* DHWebViewJavascriptBridgeDemoUITests */,
				DF80DFFF20B3C3E400B0D883 /* Products */,
				832EEC245717FF4208AA3EDA /* Pods */,
				02D7B36485EC1455A4692AB0 /* Frameworks */,
			);
			sourceTree = "<group>";
		};
		DF80DFFF20B3C3E400B0D883 /* Products */ = {
			isa = PBXGroup;
			children = (
				DF80DFFE20B3C3E400B0D883 /* DHWebViewJavascriptBridgeDemo.app */,
				DF80E01220B3C3E500B0D883 /* DHWebViewJavascriptBridgeDemoTests.xctest */,
				DF80E01D20B3C3E500B0D883 /* DHWebViewJavascriptBridgeDemoUITests.xctest */,
			);
			name = Products;
			sourceTree = "<group>";
		};
		DF80E00020B3C3E400B0D883 /* DHWebViewJavascriptBridgeDemo */ = {
			isa = PBXGroup;
			children = (
				DF80E03720B3FFA700B0D883 /* test1.html */,
				DF80E03520B3FCD300B0D883 /* test.html */,
				DF80E02F20B3DA9100B0D883 /* ExampleApp.html */,
				DF80E03320B3F3FD00B0D883 /* index.html */,
				DF80E00120B3C3E400B0D883 /* AppDelegate.swift */,
				DF80E00320B3C3E400B0D883 /* ViewController.swift */,
				DF80E03120B3E1C200B0D883 /* WKWebViewController.swift */,
				DF80E00520B3C3E400B0D883 /* Main.storyboard */,
				DF80E00820B3C3E500B0D883 /* Assets.xcassets */,
				DF80E00A20B3C3E500B0D883 /* LaunchScreen.storyboard */,
				DF80E00D20B3C3E500B0D883 /* Info.plist */,
			);
			path = DHWebViewJavascriptBridgeDemo;
			sourceTree = "<group>";
		};
		DF80E01520B3C3E500B0D883 /* DHWebViewJavascriptBridgeDemoTests */ = {
			isa = PBXGroup;
			children = (
				DF80E01620B3C3E500B0D883 /* DHWebViewJavascriptBridgeDemoTests.swift */,
				DF80E01820B3C3E500B0D883 /* Info.plist */,
			);
			path = DHWebViewJavascriptBridgeDemoTests;
			sourceTree = "<group>";
		};
		DF80E02020B3C3E500B0D883 /* DHWebViewJavascriptBridgeDemoUITests */ = {
			isa = PBXGroup;
			children = (
				DF80E02120B3C3E500B0D883 /* DHWebViewJavascriptBridgeDemoUITests.swift */,
				DF80E02320B3C3E500B0D883 /* Info.plist */,
			);
			path = DHWebViewJavascriptBridgeDemoUITests;
			sourceTree = "<group>";
		};
/* End PBXGroup section */

/* Begin PBXNativeTarget section */
		DF80DFFD20B3C3E400B0D883 /* DHWebViewJavascriptBridgeDemo */ = {
			isa = PBXNativeTarget;
			buildConfigurationList = DF80E02620B3C3E500B0D883 /* Build configuration list for PBXNativeTarget "DHWebViewJavascriptBridgeDemo" */;
			buildPhases = (
				A6F03F6F223402B217A50DF3 /* [CP] Check Pods Manifest.lock */,
				DF80DFFA20B3C3E400B0D883 /* Sources */,
				DF80DFFB20B3C3E400B0D883 /* Frameworks */,
				DF80DFFC20B3C3E400B0D883 /* Resources */,
				4D462CFA078D5622308D6606 /* [CP] Embed Pods Frameworks */,
			);
			buildRules = (
			);
			dependencies = (
			);
			name = DHWebViewJavascriptBridgeDemo;
			productName = DHWebViewJavascriptBridgeDemo;
			productReference = DF80DFFE20B3C3E400B0D883 /* DHWebViewJavascriptBridgeDemo.app */;
			productType = "com.apple.product-type.application";
		};
		DF80E01120B3C3E500B0D883 /* DHWebViewJavascriptBridgeDemoTests */ = {
			isa = PBXNativeTarget;
			buildConfigurationList = DF80E02920B3C3E500B0D883 /* Build configuration list for PBXNativeTarget "DHWebViewJavascriptBridgeDemoTests" */;
			buildPhases = (
				DF80E00E20B3C3E500B0D883 /* Sources */,
				DF80E00F20B3C3E500B0D883 /* Frameworks */,
				DF80E01020B3C3E500B0D883 /* Resources */,
			);
			buildRules = (
			);
			dependencies = (
				DF80E01420B3C3E500B0D883 /* PBXTargetDependency */,
			);
			name = DHWebViewJavascriptBridgeDemoTests;
			productName = DHWebViewJavascriptBridgeDemoTests;
			productReference = DF80E01220B3C3E500B0D883 /* DHWebViewJavascriptBridgeDemoTests.xctest */;
			productType = "com.apple.product-type.bundle.unit-test";
		};
		DF80E01C20B3C3E500B0D883 /* DHWebViewJavascriptBridgeDemoUITests */ = {
			isa = PBXNativeTarget;
			buildConfigurationList = DF80E02C20B3C3E500B0D883 /* Build configuration list for PBXNativeTarget "DHWebViewJavascriptBridgeDemoUITests" */;
			buildPhases = (
				DF80E01920B3C3E500B0D883 /* Sources */,
				DF80E01A20B3C3E500B0D883 /* Frameworks */,
				DF80E01B20B3C3E500B0D883 /* Resources */,
			);
			buildRules = (
			);
			dependencies = (
				DF80E01F20B3C3E500B0D883 /* PBXTargetDependency */,
			);
			name = DHWebViewJavascriptBridgeDemoUITests;
			productName = DHWebViewJavascriptBridgeDemoUITests;
			productReference = DF80E01D20B3C3E500B0D883 /* DHWebViewJavascriptBridgeDemoUITests.xctest */;
			productType = "com.apple.product-type.bundle.ui-testing";
		};
/* End PBXNativeTarget section */

/* Begin PBXProject section */
		DF80DFF620B3C3E400B0D883 /* Project object */ = {
			isa = PBXProject;
			attributes = {
				LastSwiftUpdateCheck = 0930;
				LastUpgradeCheck = 0930;
				ORGANIZATIONNAME = aiden;
				TargetAttributes = {
					DF80DFFD20B3C3E400B0D883 = {
						CreatedOnToolsVersion = 9.3;
					};
					DF80E01120B3C3E500B0D883 = {
						CreatedOnToolsVersion = 9.3;
						TestTargetID = DF80DFFD20B3C3E400B0D883;
					};
					DF80E01C20B3C3E500B0D883 = {
						CreatedOnToolsVersion = 9.3;
						TestTargetID = DF80DFFD20B3C3E400B0D883;
					};
				};
			};
			buildConfigurationList = DF80DFF920B3C3E400B0D883 /* Build configuration list for PBXProject "DHWebViewJavascriptBridgeDemo" */;
			compatibilityVersion = "Xcode 9.3";
			developmentRegion = en;
			hasScannedForEncodings = 0;
			knownRegions = (
				en,
				Base,
			);
			mainGroup = DF80DFF520B3C3E400B0D883;
			productRefGroup = DF80DFFF20B3C3E400B0D883 /* Products */;
			projectDirPath = "";
			projectRoot = "";
			targets = (
				DF80DFFD20B3C3E400B0D883 /* DHWebViewJavascriptBridgeDemo */,
				DF80E01120B3C3E500B0D883 /* DHWebViewJavascriptBridgeDemoTests */,
				DF80E01C20B3C3E500B0D883 /* DHWebViewJavascriptBridgeDemoUITests */,
			);
		};
/* End PBXProject section */

/* Begin PBXResourcesBuildPhase section */
		DF80DFFC20B3C3E400B0D883 /* Resources */ = {
			isa = PBXResourcesBuildPhase;
			buildActionMask = 2147483647;
			files = (
				DF80E03420B3F3FD00B0D883 /* index.html in Resources */,
				DF80E00C20B3C3E500B0D883 /* LaunchScreen.storyboard in Resources */,
				DF80E03620B3FCD300B0D883 /* test.html in Resources */,
				DF80E03820B3FFA700B0D883 /* test1.html in Resources */,
				DF80E00920B3C3E500B0D883 /* Assets.xcassets in Resources */,
				DF80E00720B3C3E400B0D883 /* Main.storyboard in Resources */,
				DF80E03020B3DA9100B0D883 /* ExampleApp.html in Resources */,
			);
			runOnlyForDeploymentPostprocessing = 0;
		};
		DF80E01020B3C3E500B0D883 /* Resources */ = {
			isa = PBXResourcesBuildPhase;
			buildActionMask = 2147483647;
			files = (
			);
			runOnlyForDeploymentPostprocessing = 0;
		};
		DF80E01B20B3C3E500B0D883 /* Resources */ = {
			isa = PBXResourcesBuildPhase;
			buildActionMask = 2147483647;
			files = (
			);
			runOnlyForDeploymentPostprocessing = 0;
		};
/* End PBXResourcesBuildPhase section */

/* Begin PBXShellScriptBuildPhase section */
		4D462CFA078D5622308D6606 /* [CP] Embed Pods Frameworks */ = {
			isa = PBXShellScriptBuildPhase;
			buildActionMask = 2147483647;
			files = (
			);
			inputPaths = (
				"${SRCROOT}/Pods/Target Support Files/Pods-DHWebViewJavascriptBridgeDemo/Pods-DHWebViewJavascriptBridgeDemo-frameworks.sh",
				"${BUILT_PRODUCTS_DIR}/WebViewJavascriptBridge/WebViewJavascriptBridge.framework",
			);
			name = "[CP] Embed Pods Frameworks";
			outputPaths = (
				"${TARGET_BUILD_DIR}/${FRAMEWORKS_FOLDER_PATH}/WebViewJavascriptBridge.framework",
			);
			runOnlyForDeploymentPostprocessing = 0;
			shellPath = /bin/sh;
			shellScript = "\"${SRCROOT}/Pods/Target Support Files/Pods-DHWebViewJavascriptBridgeDemo/Pods-DHWebViewJavascriptBridgeDemo-frameworks.sh\"\n";
			showEnvVarsInLog = 0;
		};
		A6F03F6F223402B217A50DF3 /* [CP] Check Pods Manifest.lock */ = {
			isa = PBXShellScriptBuildPhase;
			buildActionMask = 2147483647;
			files = (
			);
			inputPaths = (
				"${PODS_PODFILE_DIR_PATH}/Podfile.lock",
				"${PODS_ROOT}/Manifest.lock",
			);
			name = "[CP] Check Pods Manifest.lock";
			outputPaths = (
				"$(DERIVED_FILE_DIR)/Pods-DHWebViewJavascriptBridgeDemo-checkManifestLockResult.txt",
			);
			runOnlyForDeploymentPostprocessing = 0;
			shellPath = /bin/sh;
			shellScript = "diff \"${PODS_PODFILE_DIR_PATH}/Podfile.lock\" \"${PODS_ROOT}/Manifest.lock\" > /dev/null\nif [ $? != 0 ] ; then\n    # print error to STDERR\n    echo \"error: The sandbox is not in sync with the Podfile.lock. Run 'pod install' or update your CocoaPods installation.\" >&2\n    exit 1\nfi\n# This output is used by Xcode 'outputs' to avoid re-running this script phase.\necho \"SUCCESS\" > \"${SCRIPT_OUTPUT_FILE_0}\"\n";
			showEnvVarsInLog = 0;
		};
/* End PBXShellScriptBuildPhase section */

/* Begin PBXSourcesBuildPhase section */
		DF80DFFA20B3C3E400B0D883 /* Sources */ = {
			isa = PBXSourcesBuildPhase;
			buildActionMask = 2147483647;
			files = (
				DF80E03220B3E1C200B0D883 /* WKWebViewController.swift in Sources */,
				DF80E00420B3C3E400B0D883 /* ViewController.swift in Sources */,
				DF80E00220B3C3E400B0D883 /* AppDelegate.swift in Sources */,
			);
			runOnlyForDeploymentPostprocessing = 0;
		};
		DF80E00E20B3C3E500B0D883 /* Sources */ = {
			isa = PBXSourcesBuildPhase;
			buildActionMask = 2147483647;
			files = (
				DF80E01720B3C3E500B0D883 /* DHWebViewJavascriptBridgeDemoTests.swift in Sources */,
			);
			runOnlyForDeploymentPostprocessing = 0;
		};
		DF80E01920B3C3E500B0D883 /* Sources */ = {
			isa = PBXSourcesBuildPhase;
			buildActionMask = 2147483647;
			files = (
				DF80E02220B3C3E500B0D883 /* DHWebViewJavascriptBridgeDemoUITests.swift in Sources */,
			);
			runOnlyForDeploymentPostprocessing = 0;
		};
/* End PBXSourcesBuildPhase section */

/* Begin PBXTargetDependency section */
		DF80E01420B3C3E500B0D883 /* PBXTargetDependency */ = {
			isa = PBXTargetDependency;
			target = DF80DFFD20B3C3E400B0D883 /* DHWebViewJavascriptBridgeDemo */;
			targetProxy = DF80E01320B3C3E500B0D883 /* PBXContainerItemProxy */;
		};
		DF80E01F20B3C3E500B0D883 /* PBXTargetDependency */ = {
			isa = PBXTargetDependency;
			target = DF80DFFD20B3C3E400B0D883 /* DHWebViewJavascriptBridgeDemo */;
			targetProxy = DF80E01E20B3C3E500B0D883 /* PBXContainerItemProxy */;
		};
/* End PBXTargetDependency section */

/* Begin PBXVariantGroup section */
		DF80E00520B3C3E400B0D883 /* Main.storyboard */ = {
			isa = PBXVariantGroup;
			children = (
				DF80E00620B3C3E400B0D883 /* Base */,
			);
			name = Main.storyboard;
			sourceTree = "<group>";
		};
		DF80E00A20B3C3E500B0D883 /* LaunchScreen.storyboard */ = {
			isa = PBXVariantGroup;
			children = (
				DF80E00B20B3C3E500B0D883 /* Base */,
			);
			name = LaunchScreen.storyboard;
			sourceTree = "<group>";
		};
/* End PBXVariantGroup section */

/* Begin XCBuildConfiguration section */
		DF80E02420B3C3E500B0D883 /* Debug */ = {
			isa = XCBuildConfiguration;
			buildSettings = {
				ALWAYS_SEARCH_USER_PATHS = NO;
				CLANG_ANALYZER_NONNULL = YES;
				CLANG_ANALYZER_NUMBER_OBJECT_CONVERSION = YES_AGGRESSIVE;
				CLANG_CXX_LANGUAGE_STANDARD = "gnu++14";
				CLANG_CXX_LIBRARY = "libc++";
				CLANG_ENABLE_MODULES = YES;
				CLANG_ENABLE_OBJC_ARC = YES;
				CLANG_ENABLE_OBJC_WEAK = YES;
				CLANG_WARN_BLOCK_CAPTURE_AUTORELEASING = YES;
				CLANG_WARN_BOOL_CONVERSION = YES;
				CLANG_WARN_COMMA = YES;
				CLANG_WARN_CONSTANT_CONVERSION = YES;
				CLANG_WARN_DEPRECATED_OBJC_IMPLEMENTATIONS = YES;
				CLANG_WARN_DIRECT_OBJC_ISA_USAGE = YES_ERROR;
				CLANG_WARN_DOCUMENTATION_COMMENTS = YES;
				CLANG_WARN_EMPTY_BODY = YES;
				CLANG_WARN_ENUM_CONVERSION = YES;
				CLANG_WARN_INFINITE_RECURSION = YES;
				CLANG_WARN_INT_CONVERSION = YES;
				CLANG_WARN_NON_LITERAL_NULL_CONVERSION = YES;
				CLANG_WARN_OBJC_IMPLICIT_RETAIN_SELF = YES;
				CLANG_WARN_OBJC_LITERAL_CONVERSION = YES;
				CLANG_WARN_OBJC_ROOT_CLASS = YES_ERROR;
				CLANG_WARN_RANGE_LOOP_ANALYSIS = YES;
				CLANG_WARN_STRICT_PROTOTYPES = YES;
				CLANG_WARN_SUSPICIOUS_MOVE = YES;
				CLANG_WARN_UNGUARDED_AVAILABILITY = YES_AGGRESSIVE;
				CLANG_WARN_UNREACHABLE_CODE = YES;
				CLANG_WARN__DUPLICATE_METHOD_MATCH = YES;
				CODE_SIGN_IDENTITY = "iPhone Developer";
				COPY_PHASE_STRIP = NO;
				DEBUG_INFORMATION_FORMAT = dwarf;
				ENABLE_STRICT_OBJC_MSGSEND = YES;
				ENABLE_TESTABILITY = YES;
				GCC_C_LANGUAGE_STANDARD = gnu11;
				GCC_DYNAMIC_NO_PIC = NO;
				GCC_NO_COMMON_BLOCKS = YES;
				GCC_OPTIMIZATION_LEVEL = 0;
				GCC_PREPROCESSOR_DEFINITIONS = (
					"DEBUG=1",
					"$(inherited)",
				);
				GCC_WARN_64_TO_32_BIT_CONVERSION = YES;
				GCC_WARN_ABOUT_RETURN_TYPE = YES_ERROR;
				GCC_WARN_UNDECLARED_SELECTOR = YES;
				GCC_WARN_UNINITIALIZED_AUTOS = YES_AGGRESSIVE;
				GCC_WARN_UNUSED_FUNCTION = YES;
				GCC_WARN_UNUSED_VARIABLE = YES;
				IPHONEOS_DEPLOYMENT_TARGET = 11.3;
				MTL_ENABLE_DEBUG_INFO = YES;
				ONLY_ACTIVE_ARCH = YES;
				SDKROOT = iphoneos;
				SWIFT_ACTIVE_COMPILATION_CONDITIONS = DEBUG;
				SWIFT_OPTIMIZATION_LEVEL = "-Onone";
			};
			name = Debug;
		};
		DF80E02520B3C3E500B0D883 /* Release */ = {
			isa = XCBuildConfiguration;
			buildSettings = {
				ALWAYS_SEARCH_USER_PATHS = NO;
				CLANG_ANALYZER_NONNULL = YES;
				CLANG_ANALYZER_NUMBER_OBJECT_CONVERSION = YES_AGGRESSIVE;
				CLANG_CXX_LANGUAGE_STANDARD = "gnu++14";
				CLANG_CXX_LIBRARY = "libc++";
				CLANG_ENABLE_MODULES = YES;
				CLANG_ENABLE_OBJC_ARC = YES;
				CLANG_ENABLE_OBJC_WEAK = YES;
				CLANG_WARN_BLOCK_CAPTURE_AUTORELEASING = YES;
				CLANG_WARN_BOOL_CONVERSION = YES;
				CLANG_WARN_COMMA = YES;
				CLANG_WARN_CONSTANT_CONVERSION = YES;
				CLANG_WARN_DEPRECATED_OBJC_IMPLEMENTATIONS = YES;
				CLANG_WARN_DIRECT_OBJC_ISA_USAGE = YES_ERROR;
				CLANG_WARN_DOCUMENTATION_COMMENTS = YES;
				CLANG_WARN_EMPTY_BODY = YES;
				CLANG_WARN_ENUM_CONVERSION = YES;
				CLANG_WARN_INFINITE_RECURSION = YES;
				CLANG_WARN_INT_CONVERSION = YES;
				CLANG_WARN_NON_LITERAL_NULL_CONVERSION = YES;
				CLANG_WARN_OBJC_IMPLICIT_RETAIN_SELF = YES;
				CLANG_WARN_OBJC_LITERAL_CONVERSION = YES;
				CLANG_WARN_OBJC_ROOT_CLASS = YES_ERROR;
				CLANG_WARN_RANGE_LOOP_ANALYSIS = YES;
				CLANG_WARN_STRICT_PROTOTYPES = YES;
				CLANG_WARN_SUSPICIOUS_MOVE = YES;
				CLANG_WARN_UNGUARDED_AVAILABILITY = YES_AGGRESSIVE;
				CLANG_WARN_UNREACHABLE_CODE = YES;
				CLANG_WARN__DUPLICATE_METHOD_MATCH = YES;
				CODE_SIGN_IDENTITY = "iPhone Developer";
				COPY_PHASE_STRIP = NO;
				DEBUG_INFORMATION_FORMAT = "dwarf-with-dsym";
				ENABLE_NS_ASSERTIONS = NO;
				ENABLE_STRICT_OBJC_MSGSEND = YES;
				GCC_C_LANGUAGE_STANDARD = gnu11;
				GCC_NO_COMMON_BLOCKS = YES;
				GCC_WARN_64_TO_32_BIT_CONVERSION = YES;
				GCC_WARN_ABOUT_RETURN_TYPE = YES_ERROR;
				GCC_WARN_UNDECLARED_SELECTOR = YES;
				GCC_WARN_UNINITIALIZED_AUTOS = YES_AGGRESSIVE;
				GCC_WARN_UNUSED_FUNCTION = YES;
				GCC_WARN_UNUSED_VARIABLE = YES;
				IPHONEOS_DEPLOYMENT_TARGET = 11.3;
				MTL_ENABLE_DEBUG_INFO = NO;
				SDKROOT = iphoneos;
				SWIFT_COMPILATION_MODE = wholemodule;
				SWIFT_OPTIMIZATION_LEVEL = "-O";
				VALIDATE_PRODUCT = YES;
			};
			name = Release;
		};
		DF80E02720B3C3E500B0D883 /* Debug */ = {
			isa = XCBuildConfiguration;
			baseConfigurationReference = 39B99898285314DB9AFDEBB5 /* Pods-DHWebViewJavascriptBridgeDemo.debug.xcconfig */;
			buildSettings = {
				ASSETCATALOG_COMPILER_APPICON_NAME = AppIcon;
				CODE_SIGN_STYLE = Automatic;
				DEVELOPMENT_TEAM = 2V46UE7EUZ;
				INFOPLIST_FILE = DHWebViewJavascriptBridgeDemo/Info.plist;
				LD_RUNPATH_SEARCH_PATHS = (
					"$(inherited)",
					"@executable_path/Frameworks",
				);
				PRODUCT_BUNDLE_IDENTIFIER = com.aiden.DHWebViewJavascriptBridgeDemo;
				PRODUCT_NAME = "$(TARGET_NAME)";
				SWIFT_VERSION = 4.0;
				TARGETED_DEVICE_FAMILY = "1,2";
			};
			name = Debug;
		};
		DF80E02820B3C3E500B0D883 /* Release */ = {
			isa = XCBuildConfiguration;
			baseConfigurationReference = DA0C250F3C45A5EA48E33DDC /* Pods-DHWebViewJavascriptBridgeDemo.release.xcconfig */;
			buildSettings = {
				ASSETCATALOG_COMPILER_APPICON_NAME = AppIcon;
				CODE_SIGN_STYLE = Automatic;
				DEVELOPMENT_TEAM = 2V46UE7EUZ;
				INFOPLIST_FILE = DHWebViewJavascriptBridgeDemo/Info.plist;
				LD_RUNPATH_SEARCH_PATHS = (
					"$(inherited)",
					"@executable_path/Frameworks",
				);
				PRODUCT_BUNDLE_IDENTIFIER = com.aiden.DHWebViewJavascriptBridgeDemo;
				PRODUCT_NAME = "$(TARGET_NAME)";
				SWIFT_VERSION = 4.0;
				TARGETED_DEVICE_FAMILY = "1,2";
			};
			name = Release;
		};
		DF80E02A20B3C3E500B0D883 /* Debug */ = {
			isa = XCBuildConfiguration;
			buildSettings = {
				ALWAYS_EMBED_SWIFT_STANDARD_LIBRARIES = YES;
				BUNDLE_LOADER = "$(TEST_HOST)";
				CODE_SIGN_STYLE = Automatic;
				DEVELOPMENT_TEAM = 2V46UE7EUZ;
				INFOPLIST_FILE = DHWebViewJavascriptBridgeDemoTests/Info.plist;
				LD_RUNPATH_SEARCH_PATHS = (
					"$(inherited)",
					"@executable_path/Frameworks",
					"@loader_path/Frameworks",
				);
				PRODUCT_BUNDLE_IDENTIFIER = com.aiden.DHWebViewJavascriptBridgeDemoTests;
				PRODUCT_NAME = "$(TARGET_NAME)";
				SWIFT_VERSION = 4.0;
				TARGETED_DEVICE_FAMILY = "1,2";
				TEST_HOST = "$(BUILT_PRODUCTS_DIR)/DHWebViewJavascriptBridgeDemo.app/DHWebViewJavascriptBridgeDemo";
			};
			name = Debug;
		};
		DF80E02B20B3C3E500B0D883 /* Release */ = {
			isa = XCBuildConfiguration;
			buildSettings = {
				ALWAYS_EMBED_SWIFT_STANDARD_LIBRARIES = YES;
				BUNDLE_LOADER = "$(TEST_HOST)";
				CODE_SIGN_STYLE = Automatic;
				DEVELOPMENT_TEAM = 2V46UE7EUZ;
				INFOPLIST_FILE = DHWebViewJavascriptBridgeDemoTests/Info.plist;
				LD_RUNPATH_SEARCH_PATHS = (
					"$(inherited)",
					"@executable_path/Frameworks",
					"@loader_path/Frameworks",
				);
				PRODUCT_BUNDLE_IDENTIFIER = com.aiden.DHWebViewJavascriptBridgeDemoTests;
				PRODUCT_NAME = "$(TARGET_NAME)";
				SWIFT_VERSION = 4.0;
				TARGETED_DEVICE_FAMILY = "1,2";
				TEST_HOST = "$(BUILT_PRODUCTS_DIR)/DHWebViewJavascriptBridgeDemo.app/DHWebViewJavascriptBridgeDemo";
			};
			name = Release;
		};
		DF80E02D20B3C3E500B0D883 /* Debug */ = {
			isa = XCBuildConfiguration;
			buildSettings = {
				ALWAYS_EMBED_SWIFT_STANDARD_LIBRARIES = YES;
				CODE_SIGN_STYLE = Automatic;
				DEVELOPMENT_TEAM = 2V46UE7EUZ;
				INFOPLIST_FILE = DHWebViewJavascriptBridgeDemoUITests/Info.plist;
				LD_RUNPATH_SEARCH_PATHS = (
					"$(inherited)",
					"@executable_path/Frameworks",
					"@loader_path/Frameworks",
				);
				PRODUCT_BUNDLE_IDENTIFIER = com.aiden.DHWebViewJavascriptBridgeDemoUITests;
				PRODUCT_NAME = "$(TARGET_NAME)";
				SWIFT_VERSION = 4.0;
				TARGETED_DEVICE_FAMILY = "1,2";
				TEST_TARGET_NAME = DHWebViewJavascriptBridgeDemo;
			};
			name = Debug;
		};
		DF80E02E20B3C3E500B0D883 /* Release */ = {
			isa = XCBuildConfiguration;
			buildSettings = {
				ALWAYS_EMBED_SWIFT_STANDARD_LIBRARIES = YES;
				CODE_SIGN_STYLE = Automatic;
				DEVELOPMENT_TEAM = 2V46UE7EUZ;
				INFOPLIST_FILE = DHWebViewJavascriptBridgeDemoUITests/Info.plist;
				LD_RUNPATH_SEARCH_PATHS = (
					"$(inherited)",
					"@executable_path/Frameworks",
					"@loader_path/Frameworks",
				);
				PRODUCT_BUNDLE_IDENTIFIER = com.aiden.DHWebViewJavascriptBridgeDemoUITests;
				PRODUCT_NAME = "$(TARGET_NAME)";
				SWIFT_VERSION = 4.0;
				TARGETED_DEVICE_FAMILY = "1,2";
				TEST_TARGET_NAME = DHWebViewJavascriptBridgeDemo;
			};
			name = Release;
		};
/* End XCBuildConfiguration section */

/* Begin XCConfigurationList section */
		DF80DFF920B3C3E400B0D883 /* Build configuration list for PBXProject "DHWebViewJavascriptBridgeDemo" */ = {
			isa = XCConfigurationList;
			buildConfigurations = (
				DF80E02420B3C3E500B0D883 /* Debug */,
				DF80E02520B3C3E500B0D883 /* Release */,
			);
			defaultConfigurationIsVisible = 0;
			defaultConfigurationName = Release;
		};
		DF80E02620B3C3E500B0D883 /* Build configuration list for PBXNativeTarget "DHWebViewJavascriptBridgeDemo" */ = {
			isa = XCConfigurationList;
			buildConfigurations = (
				DF80E02720B3C3E500B0D883 /* Debug */,
				DF80E02820B3C3E500B0D883 /* Release */,
			);
			defaultConfigurationIsVisible = 0;
			defaultConfigurationName = Release;
		};
		DF80E02920B3C3E500B0D883 /* Build configuration list for PBXNativeTarget "DHWebViewJavascriptBridgeDemoTests" */ = {
			isa = XCConfigurationList;
			buildConfigurations = (
				DF80E02A20B3C3E500B0D883 /* Debug */,
				DF80E02B20B3C3E500B0D883 /* Release */,
			);
			defaultConfigurationIsVisible = 0;
			defaultConfigurationName = Release;
		};
		DF80E02C20B3C3E500B0D883 /* Build configuration list for PBXNativeTarget "DHWebViewJavascriptBridgeDemoUITests" */ = {
			isa = XCConfigurationList;
			buildConfigurations = (
				DF80E02D20B3C3E500B0D883 /* Debug */,
				DF80E02E20B3C3E500B0D883 /* Release */,
			);
			defaultConfigurationIsVisible = 0;
			defaultConfigurationName = Release;
		};
/* End XCConfigurationList section */
	};
	rootObject = DF80DFF620B3C3E400B0D883 /* Project object */;
}
