// !$*UTF8*$!
{
	archiveVersion = 1;
	classes = {
	};
	objectVersion = 50;
	objects = {

/* Begin PBXBuildFile section */
		C487C15D5B6F8DD2F2CCBA22 /* Pods_DHCarmeraDemo.framework in Frameworks */ = {isa = PBXBuildFile; fileRef = 3CEED51BD44B98E968B749C0 /* Pods_DHCarmeraDemo.framework */; };
		DFD8473A213665B700B7BC0E /* AppDelegate.swift in Sources */ = {isa = PBXBuildFile; fileRef = DFD84739213665B700B7BC0E /* AppDelegate.swift */; };
		DFD8473C213665B700B7BC0E /* ViewController.swift in Sources */ = {isa = PBXBuildFile; fileRef = DFD8473B213665B700B7BC0E /* ViewController.swift */; };
		DFD8473F213665B700B7BC0E /* Main.storyboard in Resources */ = {isa = PBXBuildFile; fileRef = DFD8473D213665B700B7BC0E /* Main.storyboard */; };
		DFD84741213665B800B7BC0E /* Assets.xcassets in Resources */ = {isa = PBXBuildFile; fileRef = DFD84740213665B800B7BC0E /* Assets.xcassets */; };
		DFD84744213665B800B7BC0E /* LaunchScreen.storyboard in Resources */ = {isa = PBXBuildFile; fileRef = DFD84742213665B800B7BC0E /* LaunchScreen.storyboard */; };
		DFD8474F213665B800B7BC0E /* DHCarmeraDemoTests.swift in Sources */ = {isa = PBXBuildFile; fileRef = DFD8474E213665B800B7BC0E /* DHCarmeraDemoTests.swift */; };
		DFD8475A213665B800B7BC0E /* DHCarmeraDemoUITests.swift in Sources */ = {isa = PBXBuildFile; fileRef = DFD84759213665B800B7BC0E /* DHCarmeraDemoUITests.swift */; };
		DFD84768213665D200B7BC0E /* CameraViewController.swift in Sources */ = {isa = PBXBuildFile; fileRef = DFD84767213665D200B7BC0E /* CameraViewController.swift */; };
/* End PBXBuildFile section */

/* Begin PBXContainerItemProxy section */
		DFD8474B213665B800B7BC0E /* PBXContainerItemProxy */ = {
			isa = PBXContainerItemProxy;
			containerPortal = DFD8472E213665B700B7BC0E /* Project object */;
			proxyType = 1;
			remoteGlobalIDString = DFD84735213665B700B7BC0E;
			remoteInfo = DHCarmeraDemo;
		};
		DFD84756213665B800B7BC0E /* PBXContainerItemProxy */ = {
			isa = PBXContainerItemProxy;
			containerPortal = DFD8472E213665B700B7BC0E /* Project object */;
			proxyType = 1;
			remoteGlobalIDString = DFD84735213665B700B7BC0E;
			remoteInfo = DHCarmeraDemo;
		};
/* End PBXContainerItemProxy section */

/* Begin PBXFileReference section */
		3CEED51BD44B98E968B749C0 /* Pods_DHCarmeraDemo.framework */ = {isa = PBXFileReference; explicitFileType = wrapper.framework; includeInIndex = 0; path = Pods_DHCarmeraDemo.framework; sourceTree = BUILT_PRODUCTS_DIR; };
		604D1B0C9B91AAAD8C6446D1 /* Pods-DHCarmeraDemo.debug.xcconfig */ = {isa = PBXFileReference; includeInIndex = 1; lastKnownFileType = text.xcconfig; name = "Pods-DHCarmeraDemo.debug.xcconfig"; path = "Pods/Target Support Files/Pods-DHCarmeraDemo/Pods-DHCarmeraDemo.debug.xcconfig"; sourceTree = "<group>"; };
		D4884EFF19E1FE2386712D90 /* Pods-DHCarmeraDemo.release.xcconfig */ = {isa = PBXFileReference; includeInIndex = 1; lastKnownFileType = text.xcconfig; name = "Pods-DHCarmeraDemo.release.xcconfig"; path = "Pods/Target Support Files/Pods-DHCarmeraDemo/Pods-DHCarmeraDemo.release.xcconfig"; sourceTree = "<group>"; };
		DFD84736213665B700B7BC0E /* DHCarmeraDemo.app */ = {isa = PBXFileReference; explicitFileType = wrapper.application; includeInIndex = 0; path = DHCarmeraDemo.app; sourceTree = BUILT_PRODUCTS_DIR; };
		DFD84739213665B700B7BC0E /* AppDelegate.swift */ = {isa = PBXFileReference; lastKnownFileType = sourcecode.swift; path = AppDelegate.swift; sourceTree = "<group>"; };
		DFD8473B213665B700B7BC0E /* ViewController.swift */ = {isa = PBXFileReference; lastKnownFileType = sourcecode.swift; path = ViewController.swift; sourceTree = "<group>"; };
		DFD8473E213665B700B7BC0E /* Base */ = {isa = PBXFileReference; lastKnownFileType = file.storyboard; name = Base; path = Base.lproj/Main.storyboard; sourceTree = "<group>"; };
		DFD84740213665B800B7BC0E /* Assets.xcassets */ = {isa = PBXFileReference; lastKnownFileType = folder.assetcatalog; path = Assets.xcassets; sourceTree = "<group>"; };
		DFD84743213665B800B7BC0E /* Base */ = {isa = PBXFileReference; lastKnownFileType = file.storyboard; name = Base; path = Base.lproj/LaunchScreen.storyboard; sourceTree = "<group>"; };
		DFD84745213665B800B7BC0E /* Info.plist */ = {isa = PBXFileReference; lastKnownFileType = text.plist.xml; path = Info.plist; sourceTree = "<group>"; };
		DFD8474A213665B800B7BC0E /* DHCarmeraDemoTests.xctest */ = {isa = PBXFileReference; explicitFileType = wrapper.cfbundle; includeInIndex = 0; path = DHCarmeraDemoTests.xctest; sourceTree = BUILT_PRODUCTS_DIR; };
		DFD8474E213665B800B7BC0E /* DHCarmeraDemoTests.swift */ = {isa = PBXFileReference; lastKnownFileType = sourcecode.swift; path = DHCarmeraDemoTests.swift; sourceTree = "<group>"; };
		DFD84750213665B800B7BC0E /* Info.plist */ = {isa = PBXFileReference; lastKnownFileType = text.plist.xml; path = Info.plist; sourceTree = "<group>"; };
		DFD84755213665B800B7BC0E /* DHCarmeraDemoUITests.xctest */ = {isa = PBXFileReference; explicitFileType = wrapper.cfbundle; includeInIndex = 0; path = DHCarmeraDemoUITests.xctest; sourceTree = BUILT_PRODUCTS_DIR; };
		DFD84759213665B800B7BC0E /* DHCarmeraDemoUITests.swift */ = {isa = PBXFileReference; lastKnownFileType = sourcecode.swift; path = DHCarmeraDemoUITests.swift; sourceTree = "<group>"; };
		DFD8475B213665B800B7BC0E /* Info.plist */ = {isa = PBXFileReference; lastKnownFileType = text.plist.xml; path = Info.plist; sourceTree = "<group>"; };
		DFD84767213665D200B7BC0E /* CameraViewController.swift */ = {isa = PBXFileReference; fileEncoding = 4; lastKnownFileType = sourcecode.swift; path = CameraViewController.swift; sourceTree = "<group>"; };
/* End PBXFileReference section */

/* Begin PBXFrameworksBuildPhase section */
		DFD84733213665B700B7BC0E /* Frameworks */ = {
			isa = PBXFrameworksBuildPhase;
			buildActionMask = 2147483647;
			files = (
				C487C15D5B6F8DD2F2CCBA22 /* Pods_DHCarmeraDemo.framework in Frameworks */,
			);
			runOnlyForDeploymentPostprocessing = 0;
		};
		DFD84747213665B800B7BC0E /* Frameworks */ = {
			isa = PBXFrameworksBuildPhase;
			buildActionMask = 2147483647;
			files = (
			);
			runOnlyForDeploymentPostprocessing = 0;
		};
		DFD84752213665B800B7BC0E /* Frameworks */ = {
			isa = PBXFrameworksBuildPhase;
			buildActionMask = 2147483647;
			files = (
			);
			runOnlyForDeploymentPostprocessing = 0;
		};
/* End PBXFrameworksBuildPhase section */

/* Begin PBXGroup section */
		6951944C40EE276113AFD9A1 /* Frameworks */ = {
			isa = PBXGroup;
			children = (
				3CEED51BD44B98E968B749C0 /* Pods_DHCarmeraDemo.framework */,
			);
			name = Frameworks;
			sourceTree = "<group>";
		};
		D55D291D0D71E68E782017C9 /* Pods */ = {
			isa = PBXGroup;
			children = (
				604D1B0C9B91AAAD8C6446D1 /* Pods-DHCarmeraDemo.debug.xcconfig */,
				D4884EFF19E1FE2386712D90 /* Pods-DHCarmeraDemo.release.xcconfig */,
			);
			name = Pods;
			sourceTree = "<group>";
		};
		DFD8472D213665B700B7BC0E = {
			isa = PBXGroup;
			children = (
				DFD84738213665B700B7BC0E /* DHCarmeraDemo */,
				DFD8474D213665B800B7BC0E /* DHCarmeraDemoTests */,
				DFD84758213665B800B7BC0E /* DHCarmeraDemoUITests */,
				DFD84737213665B700B7BC0E /* Products */,
				D55D291D0D71E68E782017C9 /* Pods */,
				6951944C40EE276113AFD9A1 /* Frameworks */,
			);
			sourceTree = "<group>";
		};
		DFD84737213665B700B7BC0E /* Products */ = {
			isa = PBXGroup;
			children = (
				DFD84736213665B700B7BC0E /* DHCarmeraDemo.app */,
				DFD8474A213665B800B7BC0E /* DHCarmeraDemoTests.xctest */,
				DFD84755213665B800B7BC0E /* DHCarmeraDemoUITests.xctest */,
			);
			name = Products;
			sourceTree = "<group>";
		};
		DFD84738213665B700B7BC0E /* DHCarmeraDemo */ = {
			isa = PBXGroup;
			children = (
				DFD84739213665B700B7BC0E /* AppDelegate.swift */,
				DFD8473B213665B700B7BC0E /* ViewController.swift */,
				DFD84767213665D200B7BC0E /* CameraViewController.swift */,
				DFD8473D213665B700B7BC0E /* Main.storyboard */,
				DFD84740213665B800B7BC0E /* Assets.xcassets */,
				DFD84742213665B800B7BC0E /* LaunchScreen.storyboard */,
				DFD84745213665B800B7BC0E /* Info.plist */,
			);
			path = DHCarmeraDemo;
			sourceTree = "<group>";
		};
		DFD8474D213665B800B7BC0E /* DHCarmeraDemoTests */ = {
			isa = PBXGroup;
			children = (
				DFD8474E213665B800B7BC0E /* DHCarmeraDemoTests.swift */,
				DFD84750213665B800B7BC0E /* Info.plist */,
			);
			path = DHCarmeraDemoTests;
			sourceTree = "<group>";
		};
		DFD84758213665B800B7BC0E /* DHCarmeraDemoUITests */ = {
			isa = PBXGroup;
			children = (
				DFD84759213665B800B7BC0E /* DHCarmeraDemoUITests.swift */,
				DFD8475B213665B800B7BC0E /* Info.plist */,
			);
			path = DHCarmeraDemoUITests;
			sourceTree = "<group>";
		};
/* End PBXGroup section */

/* Begin PBXNativeTarget section */
		DFD84735213665B700B7BC0E /* DHCarmeraDemo */ = {
			isa = PBXNativeTarget;
			buildConfigurationList = DFD8475E213665B800B7BC0E /* Build configuration list for PBXNativeTarget "DHCarmeraDemo" */;
			buildPhases = (
				E26B9E4BF3AD438449D98507 /* [CP] Check Pods Manifest.lock */,
				DFD84732213665B700B7BC0E /* Sources */,
				DFD84733213665B700B7BC0E /* Frameworks */,
				DFD84734213665B700B7BC0E /* Resources */,
				2F28449BF4D8A64F30D778A7 /* [CP] Embed Pods Frameworks */,
			);
			buildRules = (
			);
			dependencies = (
			);
			name = DHCarmeraDemo;
			productName = DHCarmeraDemo;
			productReference = DFD84736213665B700B7BC0E /* DHCarmeraDemo.app */;
			productType = "com.apple.product-type.application";
		};
		DFD84749213665B800B7BC0E /* DHCarmeraDemoTests */ = {
			isa = PBXNativeTarget;
			buildConfigurationList = DFD84761213665B800B7BC0E /* Build configuration list for PBXNativeTarget "DHCarmeraDemoTests" */;
			buildPhases = (
				DFD84746213665B800B7BC0E /* Sources */,
				DFD84747213665B800B7BC0E /* Frameworks */,
				DFD84748213665B800B7BC0E /* Resources */,
			);
			buildRules = (
			);
			dependencies = (
				DFD8474C213665B800B7BC0E /* PBXTargetDependency */,
			);
			name = DHCarmeraDemoTests;
			productName = DHCarmeraDemoTests;
			productReference = DFD8474A213665B800B7BC0E /* DHCarmeraDemoTests.xctest */;
			productType = "com.apple.product-type.bundle.unit-test";
		};
		DFD84754213665B800B7BC0E /* DHCarmeraDemoUITests */ = {
			isa = PBXNativeTarget;
			buildConfigurationList = DFD84764213665B800B7BC0E /* Build configuration list for PBXNativeTarget "DHCarmeraDemoUITests" */;
			buildPhases = (
				DFD84751213665B800B7BC0E /* Sources */,
				DFD84752213665B800B7BC0E /* Frameworks */,
				DFD84753213665B800B7BC0E /* Resources */,
			);
			buildRules = (
			);
			dependencies = (
				DFD84757213665B800B7BC0E /* PBXTargetDependency */,
			);
			name = DHCarmeraDemoUITests;
			productName = DHCarmeraDemoUITests;
			productReference = DFD84755213665B800B7BC0E /* DHCarmeraDemoUITests.xctest */;
			productType = "com.apple.product-type.bundle.ui-testing";
		};
/* End PBXNativeTarget section */

/* Begin PBXProject section */
		DFD8472E213665B700B7BC0E /* Project object */ = {
			isa = PBXProject;
			attributes = {
				LastSwiftUpdateCheck = 0940;
				LastUpgradeCheck = 0940;
				ORGANIZATIONNAME = aiden;
				TargetAttributes = {
					DFD84735213665B700B7BC0E = {
						CreatedOnToolsVersion = 9.4;
					};
					DFD84749213665B800B7BC0E = {
						CreatedOnToolsVersion = 9.4;
						TestTargetID = DFD84735213665B700B7BC0E;
					};
					DFD84754213665B800B7BC0E = {
						CreatedOnToolsVersion = 9.4;
						TestTargetID = DFD84735213665B700B7BC0E;
					};
				};
			};
			buildConfigurationList = DFD84731213665B700B7BC0E /* Build configuration list for PBXProject "DHCarmeraDemo" */;
			compatibilityVersion = "Xcode 9.3";
			developmentRegion = en;
			hasScannedForEncodings = 0;
			knownRegions = (
				en,
				Base,
			);
			mainGroup = DFD8472D213665B700B7BC0E;
			productRefGroup = DFD84737213665B700B7BC0E /* Products */;
			projectDirPath = "";
			projectRoot = "";
			targets = (
				DFD84735213665B700B7BC0E /* DHCarmeraDemo */,
				DFD84749213665B800B7BC0E /* DHCarmeraDemoTests */,
				DFD84754213665B800B7BC0E /* DHCarmeraDemoUITests */,
			);
		};
/* End PBXProject section */

/* Begin PBXResourcesBuildPhase section */
		DFD84734213665B700B7BC0E /* Resources */ = {
			isa = PBXResourcesBuildPhase;
			buildActionMask = 2147483647;
			files = (
				DFD84744213665B800B7BC0E /* LaunchScreen.storyboard in Resources */,
				DFD84741213665B800B7BC0E /* Assets.xcassets in Resources */,
				DFD8473F213665B700B7BC0E /* Main.storyboard in Resources */,
			);
			runOnlyForDeploymentPostprocessing = 0;
		};
		DFD84748213665B800B7BC0E /* Resources */ = {
			isa = PBXResourcesBuildPhase;
			buildActionMask = 2147483647;
			files = (
			);
			runOnlyForDeploymentPostprocessing = 0;
		};
		DFD84753213665B800B7BC0E /* Resources */ = {
			isa = PBXResourcesBuildPhase;
			buildActionMask = 2147483647;
			files = (
			);
			runOnlyForDeploymentPostprocessing = 0;
		};
/* End PBXResourcesBuildPhase section */

/* Begin PBXShellScriptBuildPhase section */
		2F28449BF4D8A64F30D778A7 /* [CP] Embed Pods Frameworks */ = {
			isa = PBXShellScriptBuildPhase;
			buildActionMask = 2147483647;
			files = (
			);
			inputPaths = (
				"${SRCROOT}/Pods/Target Support Files/Pods-DHCarmeraDemo/Pods-DHCarmeraDemo-frameworks.sh",
				"${BUILT_PRODUCTS_DIR}/SnapKit/SnapKit.framework",
			);
			name = "[CP] Embed Pods Frameworks";
			outputPaths = (
				"${TARGET_BUILD_DIR}/${FRAMEWORKS_FOLDER_PATH}/SnapKit.framework",
			);
			runOnlyForDeploymentPostprocessing = 0;
			shellPath = /bin/sh;
			shellScript = "\"${SRCROOT}/Pods/Target Support Files/Pods-DHCarmeraDemo/Pods-DHCarmeraDemo-frameworks.sh\"\n";
			showEnvVarsInLog = 0;
		};
		E26B9E4BF3AD438449D98507 /* [CP] Check Pods Manifest.lock */ = {
			isa = PBXShellScriptBuildPhase;
			buildActionMask = 2147483647;
			files = (
			);
			inputPaths = (
				"${PODS_PODFILE_DIR_PATH}/Podfile.lock",
				"${PODS_ROOT}/Manifest.lock",
			);
			name = "[CP] Check Pods Manifest.lock";
			outputPaths = (
				"$(DERIVED_FILE_DIR)/Pods-DHCarmeraDemo-checkManifestLockResult.txt",
			);
			runOnlyForDeploymentPostprocessing = 0;
			shellPath = /bin/sh;
			shellScript = "diff \"${PODS_PODFILE_DIR_PATH}/Podfile.lock\" \"${PODS_ROOT}/Manifest.lock\" > /dev/null\nif [ $? != 0 ] ; then\n    # print error to STDERR\n    echo \"error: The sandbox is not in sync with the Podfile.lock. Run 'pod install' or update your CocoaPods installation.\" >&2\n    exit 1\nfi\n# This output is used by Xcode 'outputs' to avoid re-running this script phase.\necho \"SUCCESS\" > \"${SCRIPT_OUTPUT_FILE_0}\"\n";
			showEnvVarsInLog = 0;
		};
/* End PBXShellScriptBuildPhase section */

/* Begin PBXSourcesBuildPhase section */
		DFD84732213665B700B7BC0E /* Sources */ = {
			isa = PBXSourcesBuildPhase;
			buildActionMask = 2147483647;
			files = (
				DFD8473C213665B700B7BC0E /* ViewController.swift in Sources */,
				DFD8473A213665B700B7BC0E /* AppDelegate.swift in Sources */,
				DFD84768213665D200B7BC0E /* CameraViewController.swift in Sources */,
			);
			runOnlyForDeploymentPostprocessing = 0;
		};
		DFD84746213665B800B7BC0E /* Sources */ = {
			isa = PBXSourcesBuildPhase;
			buildActionMask = 2147483647;
			files = (
				DFD8474F213665B800B7BC0E /* DHCarmeraDemoTests.swift in Sources */,
			);
			runOnlyForDeploymentPostprocessing = 0;
		};
		DFD84751213665B800B7BC0E /* Sources */ = {
			isa = PBXSourcesBuildPhase;
			buildActionMask = 2147483647;
			files = (
				DFD8475A213665B800B7BC0E /* DHCarmeraDemoUITests.swift in Sources */,
			);
			runOnlyForDeploymentPostprocessing = 0;
		};
/* End PBXSourcesBuildPhase section */

/* Begin PBXTargetDependency section */
		DFD8474C213665B800B7BC0E /* PBXTargetDependency */ = {
			isa = PBXTargetDependency;
			target = DFD84735213665B700B7BC0E /* DHCarmeraDemo */;
			targetProxy = DFD8474B213665B800B7BC0E /* PBXContainerItemProxy */;
		};
		DFD84757213665B800B7BC0E /* PBXTargetDependency */ = {
			isa = PBXTargetDependency;
			target = DFD84735213665B700B7BC0E /* DHCarmeraDemo */;
			targetProxy = DFD84756213665B800B7BC0E /* PBXContainerItemProxy */;
		};
/* End PBXTargetDependency section */

/* Begin PBXVariantGroup section */
		DFD8473D213665B700B7BC0E /* Main.storyboard */ = {
			isa = PBXVariantGroup;
			children = (
				DFD8473E213665B700B7BC0E /* Base */,
			);
			name = Main.storyboard;
			sourceTree = "<group>";
		};
		DFD84742213665B800B7BC0E /* LaunchScreen.storyboard */ = {
			isa = PBXVariantGroup;
			children = (
				DFD84743213665B800B7BC0E /* Base */,
			);
			name = LaunchScreen.storyboard;
			sourceTree = "<group>";
		};
/* End PBXVariantGroup section */

/* Begin XCBuildConfiguration section */
		DFD8475C213665B800B7BC0E /* Debug */ = {
			isa = XCBuildConfiguration;
			buildSettings = {
				ALWAYS_SEARCH_USER_PATHS = NO;
				CLANG_ANALYZER_NONNULL = YES;
				CLANG_ANALYZER_NUMBER_OBJECT_CONVERSION = YES_AGGRESSIVE;
				CLANG_CXX_LANGUAGE_STANDARD = "gnu++14";
				CLANG_CXX_LIBRARY = "libc++";
				CLANG_ENABLE_MODULES = YES;
				CLANG_ENABLE_OBJC_ARC = YES;
				CLANG_ENABLE_OBJC_WEAK = YES;
				CLANG_WARN_BLOCK_CAPTURE_AUTORELEASING = YES;
				CLANG_WARN_BOOL_CONVERSION = YES;
				CLANG_WARN_COMMA = YES;
				CLANG_WARN_CONSTANT_CONVERSION = YES;
				CLANG_WARN_DEPRECATED_OBJC_IMPLEMENTATIONS = YES;
				CLANG_WARN_DIRECT_OBJC_ISA_USAGE = YES_ERROR;
				CLANG_WARN_DOCUMENTATION_COMMENTS = YES;
				CLANG_WARN_EMPTY_BODY = YES;
				CLANG_WARN_ENUM_CONVERSION = YES;
				CLANG_WARN_INFINITE_RECURSION = YES;
				CLANG_WARN_INT_CONVERSION = YES;
				CLANG_WARN_NON_LITERAL_NULL_CONVERSION = YES;
				CLANG_WARN_OBJC_IMPLICIT_RETAIN_SELF = YES;
				CLANG_WARN_OBJC_LITERAL_CONVERSION = YES;
				CLANG_WARN_OBJC_ROOT_CLASS = YES_ERROR;
				CLANG_WARN_RANGE_LOOP_ANALYSIS = YES;
				CLANG_WARN_STRICT_PROTOTYPES = YES;
				CLANG_WARN_SUSPICIOUS_MOVE = YES;
				CLANG_WARN_UNGUARDED_AVAILABILITY = YES_AGGRESSIVE;
				CLANG_WARN_UNREACHABLE_CODE = YES;
				CLANG_WARN__DUPLICATE_METHOD_MATCH = YES;
				CODE_SIGN_IDENTITY = "iPhone Developer";
				COPY_PHASE_STRIP = NO;
				DEBUG_INFORMATION_FORMAT = dwarf;
				ENABLE_STRICT_OBJC_MSGSEND = YES;
				ENABLE_TESTABILITY = YES;
				GCC_C_LANGUAGE_STANDARD = gnu11;
				GCC_DYNAMIC_NO_PIC = NO;
				GCC_NO_COMMON_BLOCKS = YES;
				GCC_OPTIMIZATION_LEVEL = 0;
				GCC_PREPROCESSOR_DEFINITIONS = (
					"DEBUG=1",
					"$(inherited)",
				);
				GCC_WARN_64_TO_32_BIT_CONVERSION = YES;
				GCC_WARN_ABOUT_RETURN_TYPE = YES_ERROR;
				GCC_WARN_UNDECLARED_SELECTOR = YES;
				GCC_WARN_UNINITIALIZED_AUTOS = YES_AGGRESSIVE;
				GCC_WARN_UNUSED_FUNCTION = YES;
				GCC_WARN_UNUSED_VARIABLE = YES;
				IPHONEOS_DEPLOYMENT_TARGET = 11.4;
				MTL_ENABLE_DEBUG_INFO = YES;
				ONLY_ACTIVE_ARCH = YES;
				SDKROOT = iphoneos;
				SWIFT_ACTIVE_COMPILATION_CONDITIONS = DEBUG;
				SWIFT_OPTIMIZATION_LEVEL = "-Onone";
			};
			name = Debug;
		};
		DFD8475D213665B800B7BC0E /* Release */ = {
			isa = XCBuildConfiguration;
			buildSettings = {
				ALWAYS_SEARCH_USER_PATHS = NO;
				CLANG_ANALYZER_NONNULL = YES;
				CLANG_ANALYZER_NUMBER_OBJECT_CONVERSION = YES_AGGRESSIVE;
				CLANG_CXX_LANGUAGE_STANDARD = "gnu++14";
				CLANG_CXX_LIBRARY = "libc++";
				CLANG_ENABLE_MODULES = YES;
				CLANG_ENABLE_OBJC_ARC = YES;
				CLANG_ENABLE_OBJC_WEAK = YES;
				CLANG_WARN_BLOCK_CAPTURE_AUTORELEASING = YES;
				CLANG_WARN_BOOL_CONVERSION = YES;
				CLANG_WARN_COMMA = YES;
				CLANG_WARN_CONSTANT_CONVERSION = YES;
				CLANG_WARN_DEPRECATED_OBJC_IMPLEMENTATIONS = YES;
				CLANG_WARN_DIRECT_OBJC_ISA_USAGE = YES_ERROR;
				CLANG_WARN_DOCUMENTATION_COMMENTS = YES;
				CLANG_WARN_EMPTY_BODY = YES;
				CLANG_WARN_ENUM_CONVERSION = YES;
				CLANG_WARN_INFINITE_RECURSION = YES;
				CLANG_WARN_INT_CONVERSION = YES;
				CLANG_WARN_NON_LITERAL_NULL_CONVERSION = YES;
				CLANG_WARN_OBJC_IMPLICIT_RETAIN_SELF = YES;
				CLANG_WARN_OBJC_LITERAL_CONVERSION = YES;
				CLANG_WARN_OBJC_ROOT_CLASS = YES_ERROR;
				CLANG_WARN_RANGE_LOOP_ANALYSIS = YES;
				CLANG_WARN_STRICT_PROTOTYPES = YES;
				CLANG_WARN_SUSPICIOUS_MOVE = YES;
				CLANG_WARN_UNGUARDED_AVAILABILITY = YES_AGGRESSIVE;
				CLANG_WARN_UNREACHABLE_CODE = YES;
				CLANG_WARN__DUPLICATE_METHOD_MATCH = YES;
				CODE_SIGN_IDENTITY = "iPhone Developer";
				COPY_PHASE_STRIP = NO;
				DEBUG_INFORMATION_FORMAT = "dwarf-with-dsym";
				ENABLE_NS_ASSERTIONS = NO;
				ENABLE_STRICT_OBJC_MSGSEND = YES;
				GCC_C_LANGUAGE_STANDARD = gnu11;
				GCC_NO_COMMON_BLOCKS = YES;
				GCC_WARN_64_TO_32_BIT_CONVERSION = YES;
				GCC_WARN_ABOUT_RETURN_TYPE = YES_ERROR;
				GCC_WARN_UNDECLARED_SELECTOR = YES;
				GCC_WARN_UNINITIALIZED_AUTOS = YES_AGGRESSIVE;
				GCC_WARN_UNUSED_FUNCTION = YES;
				GCC_WARN_UNUSED_VARIABLE = YES;
				IPHONEOS_DEPLOYMENT_TARGET = 11.4;
				MTL_ENABLE_DEBUG_INFO = NO;
				SDKROOT = iphoneos;
				SWIFT_COMPILATION_MODE = wholemodule;
				SWIFT_OPTIMIZATION_LEVEL = "-O";
				VALIDATE_PRODUCT = YES;
			};
			name = Release;
		};
		DFD8475F213665B800B7BC0E /* Debug */ = {
			isa = XCBuildConfiguration;
			baseConfigurationReference = 604D1B0C9B91AAAD8C6446D1 /* Pods-DHCarmeraDemo.debug.xcconfig */;
			buildSettings = {
				ASSETCATALOG_COMPILER_APPICON_NAME = AppIcon;
				CODE_SIGN_IDENTITY = "iPhone Developer";
				CODE_SIGN_STYLE = Automatic;
				DEVELOPMENT_TEAM = 2Q73SG86PQ;
				INFOPLIST_FILE = DHCarmeraDemo/Info.plist;
				LD_RUNPATH_SEARCH_PATHS = (
					"$(inherited)",
					"@executable_path/Frameworks",
				);
				PRODUCT_BUNDLE_IDENTIFIER = com.tendory.carrentalm;
				PRODUCT_NAME = "$(TARGET_NAME)";
				PROVISIONING_PROFILE_SPECIFIER = "";
				SWIFT_VERSION = 4.0;
				TARGETED_DEVICE_FAMILY = "1,2";
			};
			name = Debug;
		};
		DFD84760213665B800B7BC0E /* Release */ = {
			isa = XCBuildConfiguration;
			baseConfigurationReference = D4884EFF19E1FE2386712D90 /* Pods-DHCarmeraDemo.release.xcconfig */;
			buildSettings = {
				ASSETCATALOG_COMPILER_APPICON_NAME = AppIcon;
				CODE_SIGN_IDENTITY = "iPhone Developer";
				CODE_SIGN_STYLE = Automatic;
				DEVELOPMENT_TEAM = 2Q73SG86PQ;
				INFOPLIST_FILE = DHCarmeraDemo/Info.plist;
				LD_RUNPATH_SEARCH_PATHS = (
					"$(inherited)",
					"@executable_path/Frameworks",
				);
				PRODUCT_BUNDLE_IDENTIFIER = com.tendory.carrentalm;
				PRODUCT_NAME = "$(TARGET_NAME)";
				PROVISIONING_PROFILE_SPECIFIER = "";
				SWIFT_VERSION = 4.0;
				TARGETED_DEVICE_FAMILY = "1,2";
			};
			name = Release;
		};
		DFD84762213665B800B7BC0E /* Debug */ = {
			isa = XCBuildConfiguration;
			buildSettings = {
				ALWAYS_EMBED_SWIFT_STANDARD_LIBRARIES = YES;
				BUNDLE_LOADER = "$(TEST_HOST)";
				CODE_SIGN_STYLE = Automatic;
				DEVELOPMENT_TEAM = 2V46UE7EUZ;
				INFOPLIST_FILE = DHCarmeraDemoTests/Info.plist;
				LD_RUNPATH_SEARCH_PATHS = (
					"$(inherited)",
					"@executable_path/Frameworks",
					"@loader_path/Frameworks",
				);
				PRODUCT_BUNDLE_IDENTIFIER = com.aiden.DHCarmeraDemoTests;
				PRODUCT_NAME = "$(TARGET_NAME)";
				SWIFT_VERSION = 4.0;
				TARGETED_DEVICE_FAMILY = "1,2";
				TEST_HOST = "$(BUILT_PRODUCTS_DIR)/DHCarmeraDemo.app/DHCarmeraDemo";
			};
			name = Debug;
		};
		DFD84763213665B800B7BC0E /* Release */ = {
			isa = XCBuildConfiguration;
			buildSettings = {
				ALWAYS_EMBED_SWIFT_STANDARD_LIBRARIES = YES;
				BUNDLE_LOADER = "$(TEST_HOST)";
				CODE_SIGN_STYLE = Automatic;
				DEVELOPMENT_TEAM = 2V46UE7EUZ;
				INFOPLIST_FILE = DHCarmeraDemoTests/Info.plist;
				LD_RUNPATH_SEARCH_PATHS = (
					"$(inherited)",
					"@executable_path/Frameworks",
					"@loader_path/Frameworks",
				);
				PRODUCT_BUNDLE_IDENTIFIER = com.aiden.DHCarmeraDemoTests;
				PRODUCT_NAME = "$(TARGET_NAME)";
				SWIFT_VERSION = 4.0;
				TARGETED_DEVICE_FAMILY = "1,2";
				TEST_HOST = "$(BUILT_PRODUCTS_DIR)/DHCarmeraDemo.app/DHCarmeraDemo";
			};
			name = Release;
		};
		DFD84765213665B800B7BC0E /* Debug */ = {
			isa = XCBuildConfiguration;
			buildSettings = {
				ALWAYS_EMBED_SWIFT_STANDARD_LIBRARIES = YES;
				CODE_SIGN_STYLE = Automatic;
				DEVELOPMENT_TEAM = 2V46UE7EUZ;
				INFOPLIST_FILE = DHCarmeraDemoUITests/Info.plist;
				LD_RUNPATH_SEARCH_PATHS = (
					"$(inherited)",
					"@executable_path/Frameworks",
					"@loader_path/Frameworks",
				);
				PRODUCT_BUNDLE_IDENTIFIER = com.aiden.DHCarmeraDemoUITests;
				PRODUCT_NAME = "$(TARGET_NAME)";
				SWIFT_VERSION = 4.0;
				TARGETED_DEVICE_FAMILY = "1,2";
				TEST_TARGET_NAME = DHCarmeraDemo;
			};
			name = Debug;
		};
		DFD84766213665B800B7BC0E /* Release */ = {
			isa = XCBuildConfiguration;
			buildSettings = {
				ALWAYS_EMBED_SWIFT_STANDARD_LIBRARIES = YES;
				CODE_SIGN_STYLE = Automatic;
				DEVELOPMENT_TEAM = 2V46UE7EUZ;
				INFOPLIST_FILE = DHCarmeraDemoUITests/Info.plist;
				LD_RUNPATH_SEARCH_PATHS = (
					"$(inherited)",
					"@executable_path/Frameworks",
					"@loader_path/Frameworks",
				);
				PRODUCT_BUNDLE_IDENTIFIER = com.aiden.DHCarmeraDemoUITests;
				PRODUCT_NAME = "$(TARGET_NAME)";
				SWIFT_VERSION = 4.0;
				TARGETED_DEVICE_FAMILY = "1,2";
				TEST_TARGET_NAME = DHCarmeraDemo;
			};
			name = Release;
		};
/* End XCBuildConfiguration section */

/* Begin XCConfigurationList section */
		DFD84731213665B700B7BC0E /* Build configuration list for PBXProject "DHCarmeraDemo" */ = {
			isa = XCConfigurationList;
			buildConfigurations = (
				DFD8475C213665B800B7BC0E /* Debug */,
				DFD8475D213665B800B7BC0E /* Release */,
			);
			defaultConfigurationIsVisible = 0;
			defaultConfigurationName = Release;
		};
		DFD8475E213665B800B7BC0E /* Build configuration list for PBXNativeTarget "DHCarmeraDemo" */ = {
			isa = XCConfigurationList;
			buildConfigurations = (
				DFD8475F213665B800B7BC0E /* Debug */,
				DFD84760213665B800B7BC0E /* Release */,
			);
			defaultConfigurationIsVisible = 0;
			defaultConfigurationName = Release;
		};
		DFD84761213665B800B7BC0E /* Build configuration list for PBXNativeTarget "DHCarmeraDemoTests" */ = {
			isa = XCConfigurationList;
			buildConfigurations = (
				DFD84762213665B800B7BC0E /* Debug */,
				DFD84763213665B800B7BC0E /* Release */,
			);
			defaultConfigurationIsVisible = 0;
			defaultConfigurationName = Release;
		};
		DFD84764213665B800B7BC0E /* Build configuration list for PBXNativeTarget "DHCarmeraDemoUITests" */ = {
			isa = XCConfigurationList;
			buildConfigurations = (
				DFD84765213665B800B7BC0E /* Debug */,
				DFD84766213665B800B7BC0E /* Release */,
			);
			defaultConfigurationIsVisible = 0;
			defaultConfigurationName = Release;
		};
/* End XCConfigurationList section */
	};
	rootObject = DFD8472E213665B700B7BC0E /* Project object */;
}
